{
  "requires": true,
  "lockfileVersion": 1,
  "dependencies": {
    "embla-carousel": {
      "version": "2.6.5",
      "resolved": "https://registry.npmjs.org/embla-carousel/-/embla-carousel-2.6.5.tgz",
      "integrity": "sha512-R0c0qBGrEv4x3gnsAC4zq4//FhchRLCpM5FHPNEQgPmH0tmcacbIe1iC3mNq7r8f1+me43vIilPJyX+xMl2now=="
    }
  }
}
